// !$*UTF8*$!
{
	archiveVersion = 1;
	classes = {
	};
	objectVersion = 46;
	objects = {

/* Begin PBXBuildFile section */
		2A198CB214A13AA3002E10F2 /* UIKit.framework in Frameworks */ = {isa = PBXBuildFile; fileRef = 2A198CB114A13AA3002E10F2 /* UIKit.framework */; };
		2A198CB414A13AA3002E10F2 /* Foundation.framework in Frameworks */ = {isa = PBXBuildFile; fileRef = 2A198CB314A13AA3002E10F2 /* Foundation.framework */; };
		2A198CB614A13AA3002E10F2 /* CoreGraphics.framework in Frameworks */ = {isa = PBXBuildFile; fileRef = 2A198CB514A13AA3002E10F2 /* CoreGraphics.framework */; };
		2A198CBC14A13AA3002E10F2 /* InfoPlist.strings in Resources */ = {isa = PBXBuildFile; fileRef = 2A198CBA14A13AA3002E10F2 /* InfoPlist.strings */; };
		2A198CBE14A13AA3002E10F2 /* main.m in Sources */ = {isa = PBXBuildFile; fileRef = 2A198CBD14A13AA3002E10F2 /* main.m */; };
		2A198CC214A13AA3002E10F2 /* AppDelegate.m in Sources */ = {isa = PBXBuildFile; fileRef = 2A198CC114A13AA3002E10F2 /* AppDelegate.m */; };
		2A198CC514A13AA3002E10F2 /* MainStoryboard_iPhone.storyboard in Resources */ = {isa = PBXBuildFile; fileRef = 2A198CC314A13AA3002E10F2 /* MainStoryboard_iPhone.storyboard */; };
		2A198CC814A13AA3002E10F2 /* MainStoryboard_iPad.storyboard in Resources */ = {isa = PBXBuildFile; fileRef = 2A198CC614A13AA3002E10F2 /* MainStoryboard_iPad.storyboard */; };
		2A198CDE14A13AA3002E10F2 /* SenTestingKit.framework in Frameworks */ = {isa = PBXBuildFile; fileRef = 2A198CDD14A13AA3002E10F2 /* SenTestingKit.framework */; };
		2A198CDF14A13AA3002E10F2 /* UIKit.framework in Frameworks */ = {isa = PBXBuildFile; fileRef = 2A198CB114A13AA3002E10F2 /* UIKit.framework */; };
		2A198CE014A13AA3002E10F2 /* Foundation.framework in Frameworks */ = {isa = PBXBuildFile; fileRef = 2A198CB314A13AA3002E10F2 /* Foundation.framework */; };
		2A198CE814A13AA3002E10F2 /* InfoPlist.strings in Resources */ = {isa = PBXBuildFile; fileRef = 2A198CE614A13AA3002E10F2 /* InfoPlist.strings */; };
		2A198CEB14A13AA3002E10F2 /* OnionchefAppTests.m in Sources */ = {isa = PBXBuildFile; fileRef = 2A198CEA14A13AA3002E10F2 /* OnionchefAppTests.m */; };
		2A198CF614A15A81002E10F2 /* navController.m in Sources */ = {isa = PBXBuildFile; fileRef = 2A198CF514A15A81002E10F2 /* navController.m */; };
		2A4DCF3514A9AB970080815A /* LoginViewController.m in Sources */ = {isa = PBXBuildFile; fileRef = 2A4DCF3414A9AB970080815A /* LoginViewController.m */; };
		2A80C88914AC76E500CD28C5 /* sign-in_forIPhone.png in Resources */ = {isa = PBXBuildFile; fileRef = 2A80C88814AC76E500CD28C5 /* sign-in_forIPhone.png */; };
		2AE3F25D14A5450B0068ACCB /* RegisterViewController.m in Sources */ = {isa = PBXBuildFile; fileRef = 2AE3F25C14A5450B0068ACCB /* RegisterViewController.m */; };
		2AE3F26A14A72AB50068ACCB /* default.png in Resources */ = {isa = PBXBuildFile; fileRef = 2AE3F26914A72AB50068ACCB /* default.png */; };
		2AE3F26D14A730850068ACCB /* GPSSearchViewCtr.m in Sources */ = {isa = PBXBuildFile; fileRef = 2AE3F26C14A730850068ACCB /* GPSSearchViewCtr.m */; };
/* End PBXBuildFile section */

/* Begin PBXContainerItemProxy section */
		2A198CE114A13AA3002E10F2 /* PBXContainerItemProxy */ = {
			isa = PBXContainerItemProxy;
			containerPortal = 2A198CA414A13AA3002E10F2 /* Project object */;
			proxyType = 1;
			remoteGlobalIDString = 2A198CAC14A13AA3002E10F2;
			remoteInfo = OnionchefApp;
		};
/* End PBXContainerItemProxy section */

/* Begin PBXFileReference section */
		2A198CAD14A13AA3002E10F2 /* OnionchefApp.app */ = {isa = PBXFileReference; explicitFileType = wrapper.application; includeInIndex = 0; path = OnionchefApp.app; sourceTree = BUILT_PRODUCTS_DIR; };
		2A198CB114A13AA3002E10F2 /* UIKit.framework */ = {isa = PBXFileReference; lastKnownFileType = wrapper.framework; name = UIKit.framework; path = System/Library/Frameworks/UIKit.framework; sourceTree = SDKROOT; };
		2A198CB314A13AA3002E10F2 /* Foundation.framework */ = {isa = PBXFileReference; lastKnownFileType = wrapper.framework; name = Foundation.framework; path = System/Library/Frameworks/Foundation.framework; sourceTree = SDKROOT; };
		2A198CB514A13AA3002E10F2 /* CoreGraphics.framework */ = {isa = PBXFileReference; lastKnownFileType = wrapper.framework; name = CoreGraphics.framework; path = System/Library/Frameworks/CoreGraphics.framework; sourceTree = SDKROOT; };
		2A198CB914A13AA3002E10F2 /* OnionchefApp-Info.plist */ = {isa = PBXFileReference; lastKnownFileType = text.plist.xml; path = "OnionchefApp-Info.plist"; sourceTree = "<group>"; };
		2A198CBB14A13AA3002E10F2 /* en */ = {isa = PBXFileReference; lastKnownFileType = text.plist.strings; name = en; path = en.lproj/InfoPlist.strings; sourceTree = "<group>"; };
		2A198CBD14A13AA3002E10F2 /* main.m */ = {isa = PBXFileReference; lastKnownFileType = sourcecode.c.objc; path = main.m; sourceTree = "<group>"; };
		2A198CBF14A13AA3002E10F2 /* OnionchefApp-Prefix.pch */ = {isa = PBXFileReference; lastKnownFileType = sourcecode.c.h; path = "OnionchefApp-Prefix.pch"; sourceTree = "<group>"; };
		2A198CC014A13AA3002E10F2 /* AppDelegate.h */ = {isa = PBXFileReference; lastKnownFileType = sourcecode.c.h; path = AppDelegate.h; sourceTree = "<group>"; };
		2A198CC114A13AA3002E10F2 /* AppDelegate.m */ = {isa = PBXFileReference; lastKnownFileType = sourcecode.c.objc; path = AppDelegate.m; sourceTree = "<group>"; };
		2A198CC414A13AA3002E10F2 /* en */ = {isa = PBXFileReference; lastKnownFileType = file.storyboard; name = en; path = en.lproj/MainStoryboard_iPhone.storyboard; sourceTree = "<group>"; };
		2A198CC714A13AA3002E10F2 /* en */ = {isa = PBXFileReference; lastKnownFileType = file.storyboard; name = en; path = en.lproj/MainStoryboard_iPad.storyboard; sourceTree = "<group>"; };
		2A198CDC14A13AA3002E10F2 /* OnionchefAppTests.octest */ = {isa = PBXFileReference; explicitFileType = wrapper.cfbundle; includeInIndex = 0; path = OnionchefAppTests.octest; sourceTree = BUILT_PRODUCTS_DIR; };
		2A198CDD14A13AA3002E10F2 /* SenTestingKit.framework */ = {isa = PBXFileReference; lastKnownFileType = wrapper.framework; name = SenTestingKit.framework; path = Library/Frameworks/SenTestingKit.framework; sourceTree = DEVELOPER_DIR; };
		2A198CE514A13AA3002E10F2 /* OnionchefAppTests-Info.plist */ = {isa = PBXFileReference; lastKnownFileType = text.plist.xml; path = "OnionchefAppTests-Info.plist"; sourceTree = "<group>"; };
		2A198CE714A13AA3002E10F2 /* en */ = {isa = PBXFileReference; lastKnownFileType = text.plist.strings; name = en; path = en.lproj/InfoPlist.strings; sourceTree = "<group>"; };
		2A198CE914A13AA3002E10F2 /* OnionchefAppTests.h */ = {isa = PBXFileReference; lastKnownFileType = sourcecode.c.h; path = OnionchefAppTests.h; sourceTree = "<group>"; };
		2A198CEA14A13AA3002E10F2 /* OnionchefAppTests.m */ = {isa = PBXFileReference; lastKnownFileType = sourcecode.c.objc; path = OnionchefAppTests.m; sourceTree = "<group>"; };
		2A198CF414A15A81002E10F2 /* navController.h */ = {isa = PBXFileReference; fileEncoding = 4; lastKnownFileType = sourcecode.c.h; path = navController.h; sourceTree = "<group>"; };
		2A198CF514A15A81002E10F2 /* navController.m */ = {isa = PBXFileReference; fileEncoding = 4; lastKnownFileType = sourcecode.c.objc; path = navController.m; sourceTree = "<group>"; };
		2A4DCF3314A9AB970080815A /* LoginViewController.h */ = {isa = PBXFileReference; fileEncoding = 4; lastKnownFileType = sourcecode.c.h; path = LoginViewController.h; sourceTree = "<group>"; };
		2A4DCF3414A9AB970080815A /* LoginViewController.m */ = {isa = PBXFileReference; fileEncoding = 4; lastKnownFileType = sourcecode.c.objc; path = LoginViewController.m; sourceTree = "<group>"; };
		2A80C88814AC76E500CD28C5 /* sign-in_forIPhone.png */ = {isa = PBXFileReference; lastKnownFileType = image.png; path = "sign-in_forIPhone.png"; sourceTree = "<group>"; };
		2AE3F25B14A5450B0068ACCB /* RegisterViewController.h */ = {isa = PBXFileReference; fileEncoding = 4; lastKnownFileType = sourcecode.c.h; path = RegisterViewController.h; sourceTree = "<group>"; };
		2AE3F25C14A5450B0068ACCB /* RegisterViewController.m */ = {isa = PBXFileReference; fileEncoding = 4; lastKnownFileType = sourcecode.c.objc; path = RegisterViewController.m; sourceTree = "<group>"; };
		2AE3F26914A72AB50068ACCB /* default.png */ = {isa = PBXFileReference; lastKnownFileType = image.png; path = default.png; sourceTree = "<group>"; };
		2AE3F26B14A730850068ACCB /* GPSSearchViewCtr.h */ = {isa = PBXFileReference; fileEncoding = 4; lastKnownFileType = sourcecode.c.h; path = GPSSearchViewCtr.h; sourceTree = "<group>"; };
		2AE3F26C14A730850068ACCB /* GPSSearchViewCtr.m */ = {isa = PBXFileReference; fileEncoding = 4; lastKnownFileType = sourcecode.c.objc; path = GPSSearchViewCtr.m; sourceTree = "<group>"; };
/* End PBXFileReference section */

/* Begin PBXFrameworksBuildPhase section */
		2A198CAA14A13AA3002E10F2 /* Frameworks */ = {
			isa = PBXFrameworksBuildPhase;
			buildActionMask = 2147483647;
			files = (
				2A198CB214A13AA3002E10F2 /* UIKit.framework in Frameworks */,
				2A198CB414A13AA3002E10F2 /* Foundation.framework in Frameworks */,
				2A198CB614A13AA3002E10F2 /* CoreGraphics.framework in Frameworks */,
			);
			runOnlyForDeploymentPostprocessing = 0;
		};
		2A198CD814A13AA3002E10F2 /* Frameworks */ = {
			isa = PBXFrameworksBuildPhase;
			buildActionMask = 2147483647;
			files = (
				2A198CDE14A13AA3002E10F2 /* SenTestingKit.framework in Frameworks */,
				2A198CDF14A13AA3002E10F2 /* UIKit.framework in Frameworks */,
				2A198CE014A13AA3002E10F2 /* Foundation.framework in Frameworks */,
			);
			runOnlyForDeploymentPostprocessing = 0;
		};
/* End PBXFrameworksBuildPhase section */

/* Begin PBXGroup section */
		2A198CA214A13AA3002E10F2 = {
			isa = PBXGroup;
			children = (
				2A198CB714A13AA3002E10F2 /* OnionchefApp */,
				2A198CE314A13AA3002E10F2 /* OnionchefAppTests */,
				2A198CB014A13AA3002E10F2 /* Frameworks */,
				2A198CAE14A13AA3002E10F2 /* Products */,
			);
			sourceTree = "<group>";
		};
		2A198CAE14A13AA3002E10F2 /* Products */ = {
			isa = PBXGroup;
			children = (
				2A198CAD14A13AA3002E10F2 /* OnionchefApp.app */,
				2A198CDC14A13AA3002E10F2 /* OnionchefAppTests.octest */,
			);
			name = Products;
			sourceTree = "<group>";
		};
		2A198CB014A13AA3002E10F2 /* Frameworks */ = {
			isa = PBXGroup;
			children = (
				2A198CB114A13AA3002E10F2 /* UIKit.framework */,
				2A198CB314A13AA3002E10F2 /* Foundation.framework */,
				2A198CB514A13AA3002E10F2 /* CoreGraphics.framework */,
				2A198CDD14A13AA3002E10F2 /* SenTestingKit.framework */,
			);
			name = Frameworks;
			sourceTree = "<group>";
		};
		2A198CB714A13AA3002E10F2 /* OnionchefApp */ = {
			isa = PBXGroup;
			children = (
				2A198CC014A13AA3002E10F2 /* AppDelegate.h */,
				2A198CC114A13AA3002E10F2 /* AppDelegate.m */,
				2A198CC314A13AA3002E10F2 /* MainStoryboard_iPhone.storyboard */,
				2A198CC614A13AA3002E10F2 /* MainStoryboard_iPad.storyboard */,
				2A198CF414A15A81002E10F2 /* navController.h */,
				2A198CF514A15A81002E10F2 /* navController.m */,
				2AE3F25B14A5450B0068ACCB /* RegisterViewController.h */,
				2AE3F25C14A5450B0068ACCB /* RegisterViewController.m */,
				2AE3F26B14A730850068ACCB /* GPSSearchViewCtr.h */,
				2AE3F26C14A730850068ACCB /* GPSSearchViewCtr.m */,
				2A4DCF3314A9AB970080815A /* LoginViewController.h */,
				2A4DCF3414A9AB970080815A /* LoginViewController.m */,
				2AE3F24314A3F8130068ACCB /* Images */,
				2A198CB814A13AA3002E10F2 /* Supporting Files */,
			);
			path = OnionchefApp;
			sourceTree = "<group>";
		};
		2A198CB814A13AA3002E10F2 /* Supporting Files */ = {
			isa = PBXGroup;
			children = (
				2A198CB914A13AA3002E10F2 /* OnionchefApp-Info.plist */,
				2A198CBA14A13AA3002E10F2 /* InfoPlist.strings */,
				2A198CBD14A13AA3002E10F2 /* main.m */,
				2A198CBF14A13AA3002E10F2 /* OnionchefApp-Prefix.pch */,
			);
			name = "Supporting Files";
			sourceTree = "<group>";
		};
		2A198CE314A13AA3002E10F2 /* OnionchefAppTests */ = {
			isa = PBXGroup;
			children = (
				2A198CE914A13AA3002E10F2 /* OnionchefAppTests.h */,
				2A198CEA14A13AA3002E10F2 /* OnionchefAppTests.m */,
				2A198CE414A13AA3002E10F2 /* Supporting Files */,
			);
			path = OnionchefAppTests;
			sourceTree = "<group>";
		};
		2A198CE414A13AA3002E10F2 /* Supporting Files */ = {
			isa = PBXGroup;
			children = (
				2A198CE514A13AA3002E10F2 /* OnionchefAppTests-Info.plist */,
				2A198CE614A13AA3002E10F2 /* InfoPlist.strings */,
			);
			name = "Supporting Files";
			sourceTree = "<group>";
		};
		2AE3F24314A3F8130068ACCB /* Images */ = {
			isa = PBXGroup;
			children = (
				2AE3F26914A72AB50068ACCB /* default.png */,
				2AE3F27214A743390068ACCB /* restaurantImg */,
				2AE3F26214A729E70068ACCB /* signInImg */,
			);
			name = Images;
			sourceTree = "<group>";
		};
		2AE3F26214A729E70068ACCB /* signInImg */ = {
			isa = PBXGroup;
			children = (
				2A80C88814AC76E500CD28C5 /* sign-in_forIPhone.png */,
			);
			name = signInImg;
			sourceTree = "<group>";
		};
		2AE3F27214A743390068ACCB /* restaurantImg */ = {
			isa = PBXGroup;
			children = (
			);
			name = restaurantImg;
			sourceTree = "<group>";
		};
/* End PBXGroup section */

/* Begin PBXNativeTarget section */
		2A198CAC14A13AA3002E10F2 /* OnionchefApp */ = {
			isa = PBXNativeTarget;
			buildConfigurationList = 2A198CEE14A13AA3002E10F2 /* Build configuration list for PBXNativeTarget "OnionchefApp" */;
			buildPhases = (
				2A198CA914A13AA3002E10F2 /* Sources */,
				2A198CAA14A13AA3002E10F2 /* Frameworks */,
				2A198CAB14A13AA3002E10F2 /* Resources */,
			);
			buildRules = (
			);
			dependencies = (
			);
			name = OnionchefApp;
			productName = OnionchefApp;
			productReference = 2A198CAD14A13AA3002E10F2 /* OnionchefApp.app */;
			productType = "com.apple.product-type.application";
		};
		2A198CDB14A13AA3002E10F2 /* OnionchefAppTests */ = {
			isa = PBXNativeTarget;
			buildConfigurationList = 2A198CF114A13AA3002E10F2 /* Build configuration list for PBXNativeTarget "OnionchefAppTests" */;
			buildPhases = (
				2A198CD714A13AA3002E10F2 /* Sources */,
				2A198CD814A13AA3002E10F2 /* Frameworks */,
				2A198CD914A13AA3002E10F2 /* Resources */,
				2A198CDA14A13AA3002E10F2 /* ShellScript */,
			);
			buildRules = (
			);
			dependencies = (
				2A198CE214A13AA3002E10F2 /* PBXTargetDependency */,
			);
			name = OnionchefAppTests;
			productName = OnionchefAppTests;
			productReference = 2A198CDC14A13AA3002E10F2 /* OnionchefAppTests.octest */;
			productType = "com.apple.product-type.bundle";
		};
/* End PBXNativeTarget section */

/* Begin PBXProject section */
		2A198CA414A13AA3002E10F2 /* Project object */ = {
			isa = PBXProject;
			attributes = {
				LastUpgradeCheck = 0420;
				ORGANIZATIONNAME = "Simon Fraser University";
			};
			buildConfigurationList = 2A198CA714A13AA3002E10F2 /* Build configuration list for PBXProject "OnionchefApp" */;
			compatibilityVersion = "Xcode 3.2";
			developmentRegion = English;
			hasScannedForEncodings = 0;
			knownRegions = (
				en,
			);
			mainGroup = 2A198CA214A13AA3002E10F2;
			productRefGroup = 2A198CAE14A13AA3002E10F2 /* Products */;
			projectDirPath = "";
			projectRoot = "";
			targets = (
				2A198CAC14A13AA3002E10F2 /* OnionchefApp */,
				2A198CDB14A13AA3002E10F2 /* OnionchefAppTests */,
			);
		};
/* End PBXProject section */

/* Begin PBXResourcesBuildPhase section */
		2A198CAB14A13AA3002E10F2 /* Resources */ = {
			isa = PBXResourcesBuildPhase;
			buildActionMask = 2147483647;
			files = (
				2A198CBC14A13AA3002E10F2 /* InfoPlist.strings in Resources */,
				2A198CC514A13AA3002E10F2 /* MainStoryboard_iPhone.storyboard in Resources */,
				2A198CC814A13AA3002E10F2 /* MainStoryboard_iPad.storyboard in Resources */,
				2AE3F26A14A72AB50068ACCB /* default.png in Resources */,
				2A80C88914AC76E500CD28C5 /* sign-in_forIPhone.png in Resources */,
			);
			runOnlyForDeploymentPostprocessing = 0;
		};
		2A198CD914A13AA3002E10F2 /* Resources */ = {
			isa = PBXResourcesBuildPhase;
			buildActionMask = 2147483647;
			files = (
				2A198CE814A13AA3002E10F2 /* InfoPlist.strings in Resources */,
			);
			runOnlyForDeploymentPostprocessing = 0;
		};
/* End PBXResourcesBuildPhase section */

/* Begin PBXShellScriptBuildPhase section */
		2A198CDA14A13AA3002E10F2 /* ShellScript */ = {
			isa = PBXShellScriptBuildPhase;
			buildActionMask = 2147483647;
			files = (
			);
			inputPaths = (
			);
			outputPaths = (
			);
			runOnlyForDeploymentPostprocessing = 0;
			shellPath = /bin/sh;
			shellScript = "# Run the unit tests in this test bundle.\n\"${SYSTEM_DEVELOPER_DIR}/Tools/RunUnitTests\"\n";
		};
/* End PBXShellScriptBuildPhase section */

/* Begin PBXSourcesBuildPhase section */
		2A198CA914A13AA3002E10F2 /* Sources */ = {
			isa = PBXSourcesBuildPhase;
			buildActionMask = 2147483647;
			files = (
				2A198CBE14A13AA3002E10F2 /* main.m in Sources */,
				2A198CC214A13AA3002E10F2 /* AppDelegate.m in Sources */,
				2A198CF614A15A81002E10F2 /* navController.m in Sources */,
				2AE3F25D14A5450B0068ACCB /* RegisterViewController.m in Sources */,
				2AE3F26D14A730850068ACCB /* GPSSearchViewCtr.m in Sources */,
				2A4DCF3514A9AB970080815A /* LoginViewController.m in Sources */,
			);
			runOnlyForDeploymentPostprocessing = 0;
		};
		2A198CD714A13AA3002E10F2 /* Sources */ = {
			isa = PBXSourcesBuildPhase;
			buildActionMask = 2147483647;
			files = (
				2A198CEB14A13AA3002E10F2 /* OnionchefAppTests.m in Sources */,
			);
			runOnlyForDeploymentPostprocessing = 0;
		};
/* End PBXSourcesBuildPhase section */

/* Begin PBXTargetDependency section */
		2A198CE214A13AA3002E10F2 /* PBXTargetDependency */ = {
			isa = PBXTargetDependency;
			target = 2A198CAC14A13AA3002E10F2 /* OnionchefApp */;
			targetProxy = 2A198CE114A13AA3002E10F2 /* PBXContainerItemProxy */;
		};
/* End PBXTargetDependency section */

/* Begin PBXVariantGroup section */
		2A198CBA14A13AA3002E10F2 /* InfoPlist.strings */ = {
			isa = PBXVariantGroup;
			children = (
				2A198CBB14A13AA3002E10F2 /* en */,
			);
			name = InfoPlist.strings;
			sourceTree = "<group>";
		};
		2A198CC314A13AA3002E10F2 /* MainStoryboard_iPhone.storyboard */ = {
			isa = PBXVariantGroup;
			children = (
				2A198CC414A13AA3002E10F2 /* en */,
			);
			name = MainStoryboard_iPhone.storyboard;
			sourceTree = "<group>";
		};
		2A198CC614A13AA3002E10F2 /* MainStoryboard_iPad.storyboard */ = {
			isa = PBXVariantGroup;
			children = (
				2A198CC714A13AA3002E10F2 /* en */,
			);
			name = MainStoryboard_iPad.storyboard;
			sourceTree = "<group>";
		};
		2A198CE614A13AA3002E10F2 /* InfoPlist.strings */ = {
			isa = PBXVariantGroup;
			children = (
				2A198CE714A13AA3002E10F2 /* en */,
			);
			name = InfoPlist.strings;
			sourceTree = "<group>";
		};
/* End PBXVariantGroup section */

/* Begin XCBuildConfiguration section */
		2A198CEC14A13AA3002E10F2 /* Debug */ = {
			isa = XCBuildConfiguration;
			buildSettings = {
				ALWAYS_SEARCH_USER_PATHS = NO;
				ARCHS = "$(ARCHS_STANDARD_32_BIT)";
				CLANG_ENABLE_OBJC_ARC = YES;
				"CODE_SIGN_IDENTITY[sdk=iphoneos*]" = "iPhone Developer";
				COPY_PHASE_STRIP = NO;
				GCC_C_LANGUAGE_STANDARD = gnu99;
				GCC_DYNAMIC_NO_PIC = NO;
				GCC_OPTIMIZATION_LEVEL = 0;
				GCC_PREPROCESSOR_DEFINITIONS = (
					"DEBUG=1",
					"$(inherited)",
				);
				GCC_SYMBOLS_PRIVATE_EXTERN = NO;
				GCC_VERSION = com.apple.compilers.llvm.clang.1_0;
				GCC_WARN_ABOUT_MISSING_PROTOTYPES = YES;
				GCC_WARN_ABOUT_RETURN_TYPE = YES;
				GCC_WARN_UNUSED_VARIABLE = YES;
				IPHONEOS_DEPLOYMENT_TARGET = 5.0;
				SDKROOT = iphoneos;
				TARGETED_DEVICE_FAMILY = "1,2";
			};
			name = Debug;
		};
		2A198CED14A13AA3002E10F2 /* Release */ = {
			isa = XCBuildConfiguration;
			buildSettings = {
				ALWAYS_SEARCH_USER_PATHS = NO;
				ARCHS = "$(ARCHS_STANDARD_32_BIT)";
				CLANG_ENABLE_OBJC_ARC = YES;
				"CODE_SIGN_IDENTITY[sdk=iphoneos*]" = "iPhone Developer";
				COPY_PHASE_STRIP = YES;
				GCC_C_LANGUAGE_STANDARD = gnu99;
				GCC_VERSION = com.apple.compilers.llvm.clang.1_0;
				GCC_WARN_ABOUT_MISSING_PROTOTYPES = YES;
				GCC_WARN_ABOUT_RETURN_TYPE = YES;
				GCC_WARN_UNUSED_VARIABLE = YES;
				IPHONEOS_DEPLOYMENT_TARGET = 5.0;
				OTHER_CFLAGS = "-DNS_BLOCK_ASSERTIONS=1";
				SDKROOT = iphoneos;
				TARGETED_DEVICE_FAMILY = "1,2";
				VALIDATE_PRODUCT = YES;
			};
			name = Release;
		};
		2A198CEF14A13AA3002E10F2 /* Debug */ = {
			isa = XCBuildConfiguration;
			buildSettings = {
				GCC_PRECOMPILE_PREFIX_HEADER = YES;
				GCC_PREFIX_HEADER = "OnionchefApp/OnionchefApp-Prefix.pch";
				INFOPLIST_FILE = "OnionchefApp/OnionchefApp-Info.plist";
				PRODUCT_NAME = "$(TARGET_NAME)";
				WRAPPER_EXTENSION = app;
			};
			name = Debug;
		};
		2A198CF014A13AA3002E10F2 /* Release */ = {
			isa = XCBuildConfiguration;
			buildSettings = {
				GCC_PRECOMPILE_PREFIX_HEADER = YES;
				GCC_PREFIX_HEADER = "OnionchefApp/OnionchefApp-Prefix.pch";
				INFOPLIST_FILE = "OnionchefApp/OnionchefApp-Info.plist";
				PRODUCT_NAME = "$(TARGET_NAME)";
				WRAPPER_EXTENSION = app;
			};
			name = Release;
		};
		2A198CF214A13AA3002E10F2 /* Debug */ = {
			isa = XCBuildConfiguration;
			buildSettings = {
				BUNDLE_LOADER = "$(BUILT_PRODUCTS_DIR)/OnionchefApp.app/OnionchefApp";
				FRAMEWORK_SEARCH_PATHS = (
					"$(SDKROOT)/Developer/Library/Frameworks",
					"$(DEVELOPER_LIBRARY_DIR)/Frameworks",
				);
				GCC_PRECOMPILE_PREFIX_HEADER = YES;
				GCC_PREFIX_HEADER = "OnionchefApp/OnionchefApp-Prefix.pch";
				INFOPLIST_FILE = "OnionchefAppTests/OnionchefAppTests-Info.plist";
				PRODUCT_NAME = "$(TARGET_NAME)";
				TEST_HOST = "$(BUNDLE_LOADER)";
				WRAPPER_EXTENSION = octest;
			};
			name = Debug;
		};
		2A198CF314A13AA3002E10F2 /* Release */ = {
			isa = XCBuildConfiguration;
			buildSettings = {
				BUNDLE_LOADER = "$(BUILT_PRODUCTS_DIR)/OnionchefApp.app/OnionchefApp";
				FRAMEWORK_SEARCH_PATHS = (
					"$(SDKROOT)/Developer/Library/Frameworks",
					"$(DEVELOPER_LIBRARY_DIR)/Frameworks",
				);
				GCC_PRECOMPILE_PREFIX_HEADER = YES;
				GCC_PREFIX_HEADER = "OnionchefApp/OnionchefApp-Prefix.pch";
				INFOPLIST_FILE = "OnionchefAppTests/OnionchefAppTests-Info.plist";
				PRODUCT_NAME = "$(TARGET_NAME)";
				TEST_HOST = "$(BUNDLE_LOADER)";
				WRAPPER_EXTENSION = octest;
			};
			name = Release;
		};
/* End XCBuildConfiguration section */

/* Begin XCConfigurationList section */
		2A198CA714A13AA3002E10F2 /* Build configuration list for PBXProject "OnionchefApp" */ = {
			isa = XCConfigurationList;
			buildConfigurations = (
				2A198CEC14A13AA3002E10F2 /* Debug */,
				2A198CED14A13AA3002E10F2 /* Release */,
			);
			defaultConfigurationIsVisible = 0;
			defaultConfigurationName = Release;
		};
		2A198CEE14A13AA3002E10F2 /* Build configuration list for PBXNativeTarget "OnionchefApp" */ = {
			isa = XCConfigurationList;
			buildConfigurations = (
				2A198CEF14A13AA3002E10F2 /* Debug */,
				2A198CF014A13AA3002E10F2 /* Release */,
			);
			defaultConfigurationIsVisible = 0;
			defaultConfigurationName = Release;
		};
		2A198CF114A13AA3002E10F2 /* Build configuration list for PBXNativeTarget "OnionchefAppTests" */ = {
			isa = XCConfigurationList;
			buildConfigurations = (
				2A198CF214A13AA3002E10F2 /* Debug */,
				2A198CF314A13AA3002E10F2 /* Release */,
			);
			defaultConfigurationIsVisible = 0;
			defaultConfigurationName = Release;
		};
/* End XCConfigurationList section */
	};
	rootObject = 2A198CA414A13AA3002E10F2 /* Project object */;
}
